
Microsoft Visual Studio Solution File, Format Version 12.00
# Visual Studio Version 17
VisualStudioVersion = 17.0.31903.59
MinimumVisualStudioVersion = 10.0.40219.1
Project("{FAE04EC0-301F-11D3-BF4B-00C04F79EFBC}") = "BudgetPlanner.API", "BudgetPlanner.API\BudgetPlanner.API.csproj", "{4D7E4FEF-A001-49A6-9197-4778204C0385}"
EndProject
Project("{FAE04EC0-301F-11D3-BF4B-00C04F79EFBC}") = "BudgetPlanner.Tests", "BudgetPlanner.Tests\BudgetPlanner.Tests.csproj", "{BFC35BC9-C7E6-4D1D-80DE-304A9E97F362}"
EndProject
Project("{FAE04EC0-301F-11D3-BF4B-00C04F79EFBC}") = "BudgetPlanner.AppHost", "BudgetPlanner.AppHost\BudgetPlanner.AppHost.csproj", "{D23503CC-F35B-4266-812E-28D582246780}"
EndProject
Project("{FAE04EC0-301F-11D3-BF4B-00C04F79EFBC}") = "BudgetPlanner.ServiceDefaults", "BudgetPlanner.ServiceDefaults\BudgetPlanner.ServiceDefaults.csproj", "{E8F98D31-E757-45AC-BE62-E803EA161CF9}"
EndProject
Global
	GlobalSection(SolutionConfigurationPlatforms) = preSolution
		Debug|Any CPU = Debug|Any CPU
		Release|Any CPU = Release|Any CPU
	EndGlobalSection
	GlobalSection(ProjectConfigurationPlatforms) = postSolution
		{4D7E4FEF-A001-49A6-9197-4778204C0385}.Debug|Any CPU.ActiveCfg = Debug|Any CPU
		{4D7E4FEF-A001-49A6-9197-4778204C0385}.Debug|Any CPU.Build.0 = Debug|Any CPU
		{4D7E4FEF-A001-49A6-9197-4778204C0385}.Release|Any CPU.ActiveCfg = Release|Any CPU
		{4D7E4FEF-A001-49A6-9197-4778204C0385}.Release|Any CPU.Build.0 = Release|Any CPU
		{BFC35BC9-C7E6-4D1D-80DE-304A9E97F362}.Debug|Any CPU.ActiveCfg = Debug|Any CPU
		{BFC35BC9-C7E6-4D1D-80DE-304A9E97F362}.Debug|Any CPU.Build.0 = Debug|Any CPU
		{BFC35BC9-C7E6-4D1D-80DE-304A9E97F362}.Release|Any CPU.ActiveCfg = Release|Any CPU
		{BFC35BC9-C7E6-4D1D-80DE-304A9E97F362}.Release|Any CPU.Build.0 = Release|Any CPU
		{D23503CC-F35B-4266-812E-28D582246780}.Debug|Any CPU.ActiveCfg = Debug|Any CPU
		{D23503CC-F35B-4266-812E-28D582246780}.Debug|Any CPU.Build.0 = Debug|Any CPU
		{D23503CC-F35B-4266-812E-28D582246780}.Release|Any CPU.ActiveCfg = Release|Any CPU
		{D23503CC-F35B-4266-812E-28D582246780}.Release|Any CPU.Build.0 = Release|Any CPU
		{E8F98D31-E757-45AC-BE62-E803EA161CF9}.Debug|Any CPU.ActiveCfg = Debug|Any CPU
		{E8F98D31-E757-45AC-BE62-E803EA161CF9}.Debug|Any CPU.Build.0 = Debug|Any CPU
		{E8F98D31-E757-45AC-BE62-E803EA161CF9}.Release|Any CPU.ActiveCfg = Release|Any CPU
		{E8F98D31-E757-45AC-BE62-E803EA161CF9}.Release|Any CPU.Build.0 = Release|Any CPU
	EndGlobalSection
	GlobalSection(SolutionProperties) = preSolution
		HideSolutionNode = FALSE
	EndGlobalSection
EndGlobal
